
Microsoft Visual Studio Solution File, Format Version 12.00
# Visual Studio Version 17
VisualStudioVersion = 17.14.37411.7 d17.14
MinimumVisualStudioVersion = 10.0.40219.1
Project("{FAE04EC0-301F-11D3-BF4B-00C04F79EFBC}") = "FitRadar", "FitRadar1\FitRadar.csproj", "{B95CEE66-B0CA-4E78-8D88-7956F9A53E55}"
EndProject
Project("{FAE04EC0-301F-11D3-BF4B-00C04F79EFBC}") = "FitRadar.Shared", "FitRadar.Shared\FitRadar.Shared.csproj", "{72B535F7-84A2-4BD3-B8B3-FBC224151B45}"
EndProject
Global
	GlobalSection(SolutionConfigurationPlatforms) = preSolution
		Debug|Any CPU = Debug|Any CPU
		Release|Any CPU = Release|Any CPU
	EndGlobalSection
	GlobalSection(ProjectConfigurationPlatforms) = postSolution
		{B95CEE66-B0CA-4E78-8D88-7956F9A53E55}.Debug|Any CPU.ActiveCfg = Debug|Any CPU
		{B95CEE66-B0CA-4E78-8D88-7956F9A53E55}.Debug|Any CPU.Build.0 = Debug|Any CPU
		{B95CEE66-B0CA-4E78-8D88-7956F9A53E55}.Release|Any CPU.ActiveCfg = Release|Any CPU
		{B95CEE66-B0CA-4E78-8D88-7956F9A53E55}.Release|Any CPU.Build.0 = Release|Any CPU
		{72B535F7-84A2-4BD3-B8B3-FBC224151B45}.Debug|Any CPU.ActiveCfg = Debug|Any CPU
		{72B535F7-84A2-4BD3-B8B3-FBC224151B45}.Debug|Any CPU.Build.0 = Debug|Any CPU
		{72B535F7-84A2-4BD3-B8B3-FBC224151B45}.Release|Any CPU.ActiveCfg = Release|Any CPU
		{72B535F7-84A2-4BD3-B8B3-FBC224151B45}.Release|Any CPU.Build.0 = Release|Any CPU
	EndGlobalSection
	GlobalSection(SolutionProperties) = preSolution
		HideSolutionNode = FALSE
	EndGlobalSection
	GlobalSection(ExtensibilityGlobals) = postSolution
		SolutionGuid = {FF7D23F4-EC0F-49F4-B72F-830C8F95447B}
	EndGlobalSection
EndGlobal
